// !$*UTF8*$!
{
	archiveVersion = 1;
	classes = {
	};
	objectVersion = 46;
	objects = {

/* Begin PBXBuildFile section */
		43087A011CA92FA60028C2AD /* LvJjingVC.m in Sources */ = {isa = PBXBuildFile; fileRef = 43087A001CA92FA60028C2AD /* LvJjingVC.m */; };
		43087A071CA95A2E0028C2AD /* LvJingViewController.m in Sources */ = {isa = PBXBuildFile; fileRef = 43087A061CA95A2E0028C2AD /* LvJingViewController.m */; };
		43087A0B1CAB5B090028C2AD /* DingweiVC.m in Sources */ = {isa = PBXBuildFile; fileRef = 43087A0A1CAB5B090028C2AD /* DingweiVC.m */; };
		436F0B831CA4C77700B88408 /* main.m in Sources */ = {isa = PBXBuildFile; fileRef = 436F0B821CA4C77700B88408 /* main.m */; };
		436F0B861CA4C77700B88408 /* AppDelegate.m in Sources */ = {isa = PBXBuildFile; fileRef = 436F0B851CA4C77700B88408 /* AppDelegate.m */; };
		436F0B891CA4C77700B88408 /* ViewController.m in Sources */ = {isa = PBXBuildFile; fileRef = 436F0B881CA4C77700B88408 /* ViewController.m */; };
		436F0B8C1CA4C77700B88408 /* Main.storyboard in Resources */ = {isa = PBXBuildFile; fileRef = 436F0B8A1CA4C77700B88408 /* Main.storyboard */; };
		436F0B8E1CA4C77700B88408 /* Assets.xcassets in Resources */ = {isa = PBXBuildFile; fileRef = 436F0B8D1CA4C77700B88408 /* Assets.xcassets */; };
		436F0B911CA4C77700B88408 /* LaunchScreen.storyboard in Resources */ = {isa = PBXBuildFile; fileRef = 436F0B8F1CA4C77700B88408 /* LaunchScreen.storyboard */; };
		436F0B9C1CA4C77700B88408 /* __Tests.m in Sources */ = {isa = PBXBuildFile; fileRef = 436F0B9B1CA4C77700B88408 /* __Tests.m */; };
		436F0BA71CA4C77700B88408 /* __UITests.m in Sources */ = {isa = PBXBuildFile; fileRef = 436F0BA61CA4C77700B88408 /* __UITests.m */; };
		436F0BC01CA4CA5F00B88408 /* Shijiancuo.m in Sources */ = {isa = PBXBuildFile; fileRef = 436F0BB61CA4CA5F00B88408 /* Shijiancuo.m */; };
		436F0BC11CA4CA5F00B88408 /* AFN.m in Sources */ = {isa = PBXBuildFile; fileRef = 436F0BB91CA4CA5F00B88408 /* AFN.m */; };
		436F0BC21CA4CA5F00B88408 /* ZIshiyinggaodu.m in Sources */ = {isa = PBXBuildFile; fileRef = 436F0BBC1CA4CA5F00B88408 /* ZIshiyinggaodu.m */; };
		436F0BC31CA4CA5F00B88408 /* AotuLayout.m in Sources */ = {isa = PBXBuildFile; fileRef = 436F0BBF1CA4CA5F00B88408 /* AotuLayout.m */; };
		436F0BC71CA4CE8D00B88408 /* PubuViewController.m in Sources */ = {isa = PBXBuildFile; fileRef = 436F0BC61CA4CE8D00B88408 /* PubuViewController.m */; };
		436F0BCD1CA4D08B00B88408 /* PubuCell.m in Sources */ = {isa = PBXBuildFile; fileRef = 436F0BCC1CA4D08B00B88408 /* PubuCell.m */; };
		436F0BD01CA4D10800B88408 /* PubuModel.m in Sources */ = {isa = PBXBuildFile; fileRef = 436F0BCF1CA4D10800B88408 /* PubuModel.m */; };
		436F0BDB1CA4DEC900B88408 /* GaoViewController.m in Sources */ = {isa = PBXBuildFile; fileRef = 436F0BDA1CA4DEC900B88408 /* GaoViewController.m */; };
		436F0BDF1CA4E3EF00B88408 /* AlertAndActionTool.m in Sources */ = {isa = PBXBuildFile; fileRef = 436F0BDE1CA4E3EF00B88408 /* AlertAndActionTool.m */; };
		436F0BE31CA4E49B00B88408 /* PlayerManager.m in Sources */ = {isa = PBXBuildFile; fileRef = 436F0BE21CA4E49B00B88408 /* PlayerManager.m */; };
		43FA29561CA4EEB000DA2093 /* MovieViewController.m in Sources */ = {isa = PBXBuildFile; fileRef = 43FA29551CA4EEB000DA2093 /* MovieViewController.m */; };
		43FA295A1CA5260000DA2093 /* UIViewController+NetJudge.m in Sources */ = {isa = PBXBuildFile; fileRef = 43FA29591CA5260000DA2093 /* UIViewController+NetJudge.m */; };
		43FA295E1CA527C200DA2093 /* MBProgressHUDManager.m in Sources */ = {isa = PBXBuildFile; fileRef = 43FA295D1CA527C200DA2093 /* MBProgressHUDManager.m */; };
		43FA296C1CA5347900DA2093 /* LunboVCViewController.m in Sources */ = {isa = PBXBuildFile; fileRef = 43FA296B1CA5347900DA2093 /* LunboVCViewController.m */; };
		43FA297B1CA538D100DA2093 /* 1.jpg in Resources */ = {isa = PBXBuildFile; fileRef = 43FA29711CA538D000DA2093 /* 1.jpg */; };
		43FA297C1CA538D100DA2093 /* 22.jpg in Resources */ = {isa = PBXBuildFile; fileRef = 43FA29721CA538D000DA2093 /* 22.jpg */; };
		43FA297D1CA538D100DA2093 /* 3.jpg in Resources */ = {isa = PBXBuildFile; fileRef = 43FA29731CA538D000DA2093 /* 3.jpg */; };
		43FA297E1CA538D100DA2093 /* 4.jpg in Resources */ = {isa = PBXBuildFile; fileRef = 43FA29741CA538D000DA2093 /* 4.jpg */; };
		43FA297F1CA538D100DA2093 /* 5.jpg in Resources */ = {isa = PBXBuildFile; fileRef = 43FA29751CA538D000DA2093 /* 5.jpg */; };
		43FA29801CA538D100DA2093 /* 6.jpg in Resources */ = {isa = PBXBuildFile; fileRef = 43FA29761CA538D000DA2093 /* 6.jpg */; };
		43FA29811CA538D100DA2093 /* 7.jpg in Resources */ = {isa = PBXBuildFile; fileRef = 43FA29771CA538D000DA2093 /* 7.jpg */; };
		43FA29821CA538D100DA2093 /* 8.jpg in Resources */ = {isa = PBXBuildFile; fileRef = 43FA29781CA538D100DA2093 /* 8.jpg */; };
		43FA29831CA538D100DA2093 /* 9.jpeg in Resources */ = {isa = PBXBuildFile; fileRef = 43FA29791CA538D100DA2093 /* 9.jpeg */; };
		43FA29841CA538D100DA2093 /* 9999.jpg in Resources */ = {isa = PBXBuildFile; fileRef = 43FA297A1CA538D100DA2093 /* 9999.jpg */; };
		43FA298F1CA53BCF00DA2093 /* LunBoTu.m in Sources */ = {isa = PBXBuildFile; fileRef = 43FA29881CA53BCF00DA2093 /* LunBoTu.m */; };
		43FA29901CA53BCF00DA2093 /* LunBoTuCollectionViewCell.m in Sources */ = {isa = PBXBuildFile; fileRef = 43FA298A1CA53BCF00DA2093 /* LunBoTuCollectionViewCell.m */; };
		43FA29911CA53BCF00DA2093 /* NSTimer+Pausing.m in Sources */ = {isa = PBXBuildFile; fileRef = 43FA298C1CA53BCF00DA2093 /* NSTimer+Pausing.m */; };
		43FA29921CA53BCF00DA2093 /* UICollectionView+UICollectionView_InitCollection.m in Sources */ = {isa = PBXBuildFile; fileRef = 43FA298E1CA53BCF00DA2093 /* UICollectionView+UICollectionView_InitCollection.m */; };
		49CCA4F01CA62A7000C70D63 /* PlayerViewController.m in Sources */ = {isa = PBXBuildFile; fileRef = 49CCA4EF1CA62A7000C70D63 /* PlayerViewController.m */; };
		49CCA4F41CA630BB00C70D63 /* MusicInfoList.plist in Resources */ = {isa = PBXBuildFile; fileRef = 49CCA4F11CA630BB00C70D63 /* MusicInfoList.plist */; };
		49CCA4F51CA630BB00C70D63 /* MusicModel.m in Sources */ = {isa = PBXBuildFile; fileRef = 49CCA4F31CA630BB00C70D63 /* MusicModel.m */; };
		49CCA4FB1CA78C1100C70D63 /* DownLoad.m in Sources */ = {isa = PBXBuildFile; fileRef = 49CCA4FA1CA78C1100C70D63 /* DownLoad.m */; };
		49CCA4FE1CA78C9A00C70D63 /* DownViewController.m in Sources */ = {isa = PBXBuildFile; fileRef = 49CCA4FD1CA78C9A00C70D63 /* DownViewController.m */; };
		49CCA5011CA78FD500C70D63 /* DownLoadViewController.m in Sources */ = {isa = PBXBuildFile; fileRef = 49CCA5001CA78FD500C70D63 /* DownLoadViewController.m */; };
		8EFE4B0E97DD062A8FCD9064 /* libPods-工具.a in Frameworks */ = {isa = PBXBuildFile; fileRef = 9E335FA1F44A6846ECC87483 /* libPods-工具.a */; };
		C4485D881CABAEB300AF9437 /* LiandongViewController.m in Sources */ = {isa = PBXBuildFile; fileRef = C4485D871CABAEB300AF9437 /* LiandongViewController.m */; };
		C4485D8D1CABAF2500AF9437 /* TopScView.m in Sources */ = {isa = PBXBuildFile; fileRef = C4485D8C1CABAF2500AF9437 /* TopScView.m */; };
		C4485D911CABC51400AF9437 /* XianchenViewController.m in Sources */ = {isa = PBXBuildFile; fileRef = C4485D901CABC51400AF9437 /* XianchenViewController.m */; };
		C4485D9B1CABF60B00AF9437 /* PickViewController.m in Sources */ = {isa = PBXBuildFile; fileRef = C4485D9A1CABF60B00AF9437 /* PickViewController.m */; };
		C4485DA61CABFA4A00AF9437 /* ZYQAssetPicker.Bundle in Resources */ = {isa = PBXBuildFile; fileRef = C4485DA31CABFA4A00AF9437 /* ZYQAssetPicker.Bundle */; };
		C4485DA71CABFA4A00AF9437 /* ZYQAssetPickerController.m in Sources */ = {isa = PBXBuildFile; fileRef = C4485DA51CABFA4A00AF9437 /* ZYQAssetPickerController.m */; };
		C4485DAC1CAC212B00AF9437 /* AssetsLibrary.framework in Frameworks */ = {isa = PBXBuildFile; fileRef = C4485DAB1CAC212B00AF9437 /* AssetsLibrary.framework */; };
		C4EE45CE1CA7B94F00C53676 /* DoneViewController.m in Sources */ = {isa = PBXBuildFile; fileRef = C4EE45CD1CA7B94F00C53676 /* DoneViewController.m */; };
/* End PBXBuildFile section */

/* Begin PBXContainerItemProxy section */
		436F0B981CA4C77700B88408 /* PBXContainerItemProxy */ = {
			isa = PBXContainerItemProxy;
			containerPortal = 436F0B761CA4C77700B88408 /* Project object */;
			proxyType = 1;
			remoteGlobalIDString = 436F0B7D1CA4C77700B88408;
			remoteInfo = "工具";
		};
		436F0BA31CA4C77700B88408 /* PBXContainerItemProxy */ = {
			isa = PBXContainerItemProxy;
			containerPortal = 436F0B761CA4C77700B88408 /* Project object */;
			proxyType = 1;
			remoteGlobalIDString = 436F0B7D1CA4C77700B88408;
			remoteInfo = "工具";
		};
/* End PBXContainerItemProxy section */

/* Begin PBXFileReference section */
		430879FF1CA92FA60028C2AD /* LvJjingVC.h */ = {isa = PBXFileReference; fileEncoding = 4; lastKnownFileType = sourcecode.c.h; path = LvJjingVC.h; sourceTree = "<group>"; };
		43087A001CA92FA60028C2AD /* LvJjingVC.m */ = {isa = PBXFileReference; fileEncoding = 4; lastKnownFileType = sourcecode.c.objc; path = LvJjingVC.m; sourceTree = "<group>"; };
		43087A051CA95A2E0028C2AD /* LvJingViewController.h */ = {isa = PBXFileReference; fileEncoding = 4; lastKnownFileType = sourcecode.c.h; path = LvJingViewController.h; sourceTree = "<group>"; };
		43087A061CA95A2E0028C2AD /* LvJingViewController.m */ = {isa = PBXFileReference; fileEncoding = 4; lastKnownFileType = sourcecode.c.objc; path = LvJingViewController.m; sourceTree = "<group>"; };
		43087A091CAB5B090028C2AD /* DingweiVC.h */ = {isa = PBXFileReference; fileEncoding = 4; lastKnownFileType = sourcecode.c.h; path = DingweiVC.h; sourceTree = "<group>"; };
		43087A0A1CAB5B090028C2AD /* DingweiVC.m */ = {isa = PBXFileReference; fileEncoding = 4; lastKnownFileType = sourcecode.c.objc; path = DingweiVC.m; sourceTree = "<group>"; };
		436F0B7E1CA4C77700B88408 /* 工具.app */ = {isa = PBXFileReference; explicitFileType = wrapper.application; includeInIndex = 0; path = "工具.app"; sourceTree = BUILT_PRODUCTS_DIR; };
		436F0B821CA4C77700B88408 /* main.m */ = {isa = PBXFileReference; lastKnownFileType = sourcecode.c.objc; path = main.m; sourceTree = "<group>"; };
		436F0B841CA4C77700B88408 /* AppDelegate.h */ = {isa = PBXFileReference; lastKnownFileType = sourcecode.c.h; path = AppDelegate.h; sourceTree = "<group>"; };
		436F0B851CA4C77700B88408 /* AppDelegate.m */ = {isa = PBXFileReference; lastKnownFileType = sourcecode.c.objc; path = AppDelegate.m; sourceTree = "<group>"; };
		436F0B871CA4C77700B88408 /* ViewController.h */ = {isa = PBXFileReference; lastKnownFileType = sourcecode.c.h; path = ViewController.h; sourceTree = "<group>"; };
		436F0B881CA4C77700B88408 /* ViewController.m */ = {isa = PBXFileReference; lastKnownFileType = sourcecode.c.objc; path = ViewController.m; sourceTree = "<group>"; };
		436F0B8B1CA4C77700B88408 /* Base */ = {isa = PBXFileReference; lastKnownFileType = file.storyboard; name = Base; path = Base.lproj/Main.storyboard; sourceTree = "<group>"; };
		436F0B8D1CA4C77700B88408 /* Assets.xcassets */ = {isa = PBXFileReference; lastKnownFileType = folder.assetcatalog; path = Assets.xcassets; sourceTree = "<group>"; };
		436F0B901CA4C77700B88408 /* Base */ = {isa = PBXFileReference; lastKnownFileType = file.storyboard; name = Base; path = Base.lproj/LaunchScreen.storyboard; sourceTree = "<group>"; };
		436F0B921CA4C77700B88408 /* Info.plist */ = {isa = PBXFileReference; lastKnownFileType = text.plist.xml; path = Info.plist; sourceTree = "<group>"; };
		436F0B971CA4C77700B88408 /* 工具Tests.xctest */ = {isa = PBXFileReference; explicitFileType = wrapper.cfbundle; includeInIndex = 0; path = "工具Tests.xctest"; sourceTree = BUILT_PRODUCTS_DIR; };
		436F0B9B1CA4C77700B88408 /* __Tests.m */ = {isa = PBXFileReference; lastKnownFileType = sourcecode.c.objc; path = __Tests.m; sourceTree = "<group>"; };
		436F0B9D1CA4C77700B88408 /* Info.plist */ = {isa = PBXFileReference; lastKnownFileType = text.plist.xml; path = Info.plist; sourceTree = "<group>"; };
		436F0BA21CA4C77700B88408 /* 工具UITests.xctest */ = {isa = PBXFileReference; explicitFileType = wrapper.cfbundle; includeInIndex = 0; path = "工具UITests.xctest"; sourceTree = BUILT_PRODUCTS_DIR; };
		436F0BA61CA4C77700B88408 /* __UITests.m */ = {isa = PBXFileReference; lastKnownFileType = sourcecode.c.objc; path = __UITests.m; sourceTree = "<group>"; };
		436F0BA81CA4C77700B88408 /* Info.plist */ = {isa = PBXFileReference; lastKnownFileType = text.plist.xml; path = Info.plist; sourceTree = "<group>"; };
		436F0BB51CA4CA5E00B88408 /* Shijiancuo.h */ = {isa = PBXFileReference; fileEncoding = 4; lastKnownFileType = sourcecode.c.h; path = Shijiancuo.h; sourceTree = "<group>"; };
		436F0BB61CA4CA5F00B88408 /* Shijiancuo.m */ = {isa = PBXFileReference; fileEncoding = 4; lastKnownFileType = sourcecode.c.objc; path = Shijiancuo.m; sourceTree = "<group>"; };
		436F0BB81CA4CA5F00B88408 /* AFN.h */ = {isa = PBXFileReference; fileEncoding = 4; lastKnownFileType = sourcecode.c.h; path = AFN.h; sourceTree = "<group>"; };
		436F0BB91CA4CA5F00B88408 /* AFN.m */ = {isa = PBXFileReference; fileEncoding = 4; lastKnownFileType = sourcecode.c.objc; path = AFN.m; sourceTree = "<group>"; };
		436F0BBB1CA4CA5F00B88408 /* ZIshiyinggaodu.h */ = {isa = PBXFileReference; fileEncoding = 4; lastKnownFileType = sourcecode.c.h; path = ZIshiyinggaodu.h; sourceTree = "<group>"; };
		436F0BBC1CA4CA5F00B88408 /* ZIshiyinggaodu.m */ = {isa = PBXFileReference; fileEncoding = 4; lastKnownFileType = sourcecode.c.objc; path = ZIshiyinggaodu.m; sourceTree = "<group>"; };
		436F0BBE1CA4CA5F00B88408 /* AotuLayout.h */ = {isa = PBXFileReference; fileEncoding = 4; lastKnownFileType = sourcecode.c.h; path = AotuLayout.h; sourceTree = "<group>"; };
		436F0BBF1CA4CA5F00B88408 /* AotuLayout.m */ = {isa = PBXFileReference; fileEncoding = 4; lastKnownFileType = sourcecode.c.objc; path = AotuLayout.m; sourceTree = "<group>"; };
		436F0BC51CA4CE8D00B88408 /* PubuViewController.h */ = {isa = PBXFileReference; fileEncoding = 4; lastKnownFileType = sourcecode.c.h; path = PubuViewController.h; sourceTree = "<group>"; };
		436F0BC61CA4CE8D00B88408 /* PubuViewController.m */ = {isa = PBXFileReference; fileEncoding = 4; lastKnownFileType = sourcecode.c.objc; path = PubuViewController.m; sourceTree = "<group>"; };
		436F0BCB1CA4D08B00B88408 /* PubuCell.h */ = {isa = PBXFileReference; fileEncoding = 4; lastKnownFileType = sourcecode.c.h; path = PubuCell.h; sourceTree = "<group>"; };
		436F0BCC1CA4D08B00B88408 /* PubuCell.m */ = {isa = PBXFileReference; fileEncoding = 4; lastKnownFileType = sourcecode.c.objc; path = PubuCell.m; sourceTree = "<group>"; };
		436F0BCE1CA4D10800B88408 /* PubuModel.h */ = {isa = PBXFileReference; fileEncoding = 4; lastKnownFileType = sourcecode.c.h; path = PubuModel.h; sourceTree = "<group>"; };
		436F0BCF1CA4D10800B88408 /* PubuModel.m */ = {isa = PBXFileReference; fileEncoding = 4; lastKnownFileType = sourcecode.c.objc; path = PubuModel.m; sourceTree = "<group>"; };
		436F0BD11CA4DD6B00B88408 /* Header.h */ = {isa = PBXFileReference; lastKnownFileType = sourcecode.c.h; path = Header.h; sourceTree = "<group>"; };
		436F0BD91CA4DEC900B88408 /* GaoViewController.h */ = {isa = PBXFileReference; fileEncoding = 4; lastKnownFileType = sourcecode.c.h; path = GaoViewController.h; sourceTree = "<group>"; };
		436F0BDA1CA4DEC900B88408 /* GaoViewController.m */ = {isa = PBXFileReference; fileEncoding = 4; lastKnownFileType = sourcecode.c.objc; path = GaoViewController.m; sourceTree = "<group>"; };
		436F0BDD1CA4E3EF00B88408 /* AlertAndActionTool.h */ = {isa = PBXFileReference; fileEncoding = 4; lastKnownFileType = sourcecode.c.h; path = AlertAndActionTool.h; sourceTree = "<group>"; };
		436F0BDE1CA4E3EF00B88408 /* AlertAndActionTool.m */ = {isa = PBXFileReference; fileEncoding = 4; lastKnownFileType = sourcecode.c.objc; path = AlertAndActionTool.m; sourceTree = "<group>"; };
		436F0BE11CA4E49B00B88408 /* PlayerManager.h */ = {isa = PBXFileReference; fileEncoding = 4; lastKnownFileType = sourcecode.c.h; path = PlayerManager.h; sourceTree = "<group>"; };
		436F0BE21CA4E49B00B88408 /* PlayerManager.m */ = {isa = PBXFileReference; fileEncoding = 4; lastKnownFileType = sourcecode.c.objc; path = PlayerManager.m; sourceTree = "<group>"; };
		43FA29541CA4EEB000DA2093 /* MovieViewController.h */ = {isa = PBXFileReference; fileEncoding = 4; lastKnownFileType = sourcecode.c.h; path = MovieViewController.h; sourceTree = "<group>"; };
		43FA29551CA4EEB000DA2093 /* MovieViewController.m */ = {isa = PBXFileReference; fileEncoding = 4; lastKnownFileType = sourcecode.c.objc; path = MovieViewController.m; sourceTree = "<group>"; };
		43FA29581CA5260000DA2093 /* UIViewController+NetJudge.h */ = {isa = PBXFileReference; fileEncoding = 4; lastKnownFileType = sourcecode.c.h; path = "UIViewController+NetJudge.h"; sourceTree = "<group>"; };
		43FA29591CA5260000DA2093 /* UIViewController+NetJudge.m */ = {isa = PBXFileReference; fileEncoding = 4; lastKnownFileType = sourcecode.c.objc; path = "UIViewController+NetJudge.m"; sourceTree = "<group>"; };
		43FA295C1CA527C200DA2093 /* MBProgressHUDManager.h */ = {isa = PBXFileReference; fileEncoding = 4; lastKnownFileType = sourcecode.c.h; path = MBProgressHUDManager.h; sourceTree = "<group>"; };
		43FA295D1CA527C200DA2093 /* MBProgressHUDManager.m */ = {isa = PBXFileReference; fileEncoding = 4; lastKnownFileType = sourcecode.c.objc; path = MBProgressHUDManager.m; sourceTree = "<group>"; };
		43FA295F1CA52B2000DA2093 /* 需要的笔记.h */ = {isa = PBXFileReference; fileEncoding = 4; lastKnownFileType = sourcecode.c.h; path = "需要的笔记.h"; sourceTree = "<group>"; };
		43FA296A1CA5347900DA2093 /* LunboVCViewController.h */ = {isa = PBXFileReference; fileEncoding = 4; lastKnownFileType = sourcecode.c.h; path = LunboVCViewController.h; sourceTree = "<group>"; };
		43FA296B1CA5347900DA2093 /* LunboVCViewController.m */ = {isa = PBXFileReference; fileEncoding = 4; lastKnownFileType = sourcecode.c.objc; path = LunboVCViewController.m; sourceTree = "<group>"; };
		43FA29711CA538D000DA2093 /* 1.jpg */ = {isa = PBXFileReference; lastKnownFileType = image.jpeg; path = 1.jpg; sourceTree = "<group>"; };
		43FA29721CA538D000DA2093 /* 22.jpg */ = {isa = PBXFileReference; lastKnownFileType = image.jpeg; path = 22.jpg; sourceTree = "<group>"; };
		43FA29731CA538D000DA2093 /* 3.jpg */ = {isa = PBXFileReference; lastKnownFileType = image.jpeg; path = 3.jpg; sourceTree = "<group>"; };
		43FA29741CA538D000DA2093 /* 4.jpg */ = {isa = PBXFileReference; lastKnownFileType = image.jpeg; path = 4.jpg; sourceTree = "<group>"; };
		43FA29751CA538D000DA2093 /* 5.jpg */ = {isa = PBXFileReference; lastKnownFileType = image.jpeg; path = 5.jpg; sourceTree = "<group>"; };
		43FA29761CA538D000DA2093 /* 6.jpg */ = {isa = PBXFileReference; lastKnownFileType = image.jpeg; path = 6.jpg; sourceTree = "<group>"; };
		43FA29771CA538D000DA2093 /* 7.jpg */ = {isa = PBXFileReference; lastKnownFileType = image.jpeg; path = 7.jpg; sourceTree = "<group>"; };
		43FA29781CA538D100DA2093 /* 8.jpg */ = {isa = PBXFileReference; lastKnownFileType = image.jpeg; path = 8.jpg; sourceTree = "<group>"; };
		43FA29791CA538D100DA2093 /* 9.jpeg */ = {isa = PBXFileReference; lastKnownFileType = image.jpeg; path = 9.jpeg; sourceTree = "<group>"; };
		43FA297A1CA538D100DA2093 /* 9999.jpg */ = {isa = PBXFileReference; lastKnownFileType = image.jpeg; path = 9999.jpg; sourceTree = "<group>"; };
		43FA29871CA53BCF00DA2093 /* LunBoTu.h */ = {isa = PBXFileReference; fileEncoding = 4; lastKnownFileType = sourcecode.c.h; path = LunBoTu.h; sourceTree = "<group>"; };
		43FA29881CA53BCF00DA2093 /* LunBoTu.m */ = {isa = PBXFileReference; fileEncoding = 4; lastKnownFileType = sourcecode.c.objc; path = LunBoTu.m; sourceTree = "<group>"; };
		43FA29891CA53BCF00DA2093 /* LunBoTuCollectionViewCell.h */ = {isa = PBXFileReference; fileEncoding = 4; lastKnownFileType = sourcecode.c.h; path = LunBoTuCollectionViewCell.h; sourceTree = "<group>"; };
		43FA298A1CA53BCF00DA2093 /* LunBoTuCollectionViewCell.m */ = {isa = PBXFileReference; fileEncoding = 4; lastKnownFileType = sourcecode.c.objc; path = LunBoTuCollectionViewCell.m; sourceTree = "<group>"; };
		43FA298B1CA53BCF00DA2093 /* NSTimer+Pausing.h */ = {isa = PBXFileReference; fileEncoding = 4; lastKnownFileType = sourcecode.c.h; path = "NSTimer+Pausing.h"; sourceTree = "<group>"; };
		43FA298C1CA53BCF00DA2093 /* NSTimer+Pausing.m */ = {isa = PBXFileReference; fileEncoding = 4; lastKnownFileType = sourcecode.c.objc; path = "NSTimer+Pausing.m"; sourceTree = "<group>"; };
		43FA298D1CA53BCF00DA2093 /* UICollectionView+UICollectionView_InitCollection.h */ = {isa = PBXFileReference; fileEncoding = 4; lastKnownFileType = sourcecode.c.h; path = "UICollectionView+UICollectionView_InitCollection.h"; sourceTree = "<group>"; };
		43FA298E1CA53BCF00DA2093 /* UICollectionView+UICollectionView_InitCollection.m */ = {isa = PBXFileReference; fileEncoding = 4; lastKnownFileType = sourcecode.c.objc; path = "UICollectionView+UICollectionView_InitCollection.m"; sourceTree = "<group>"; };
		49CCA4EE1CA62A7000C70D63 /* PlayerViewController.h */ = {isa = PBXFileReference; fileEncoding = 4; lastKnownFileType = sourcecode.c.h; path = PlayerViewController.h; sourceTree = "<group>"; };
		49CCA4EF1CA62A7000C70D63 /* PlayerViewController.m */ = {isa = PBXFileReference; fileEncoding = 4; lastKnownFileType = sourcecode.c.objc; path = PlayerViewController.m; sourceTree = "<group>"; };
		49CCA4F11CA630BB00C70D63 /* MusicInfoList.plist */ = {isa = PBXFileReference; fileEncoding = 4; lastKnownFileType = text.plist.xml; path = MusicInfoList.plist; sourceTree = "<group>"; };
		49CCA4F21CA630BB00C70D63 /* MusicModel.h */ = {isa = PBXFileReference; fileEncoding = 4; lastKnownFileType = sourcecode.c.h; path = MusicModel.h; sourceTree = "<group>"; };
		49CCA4F31CA630BB00C70D63 /* MusicModel.m */ = {isa = PBXFileReference; fileEncoding = 4; lastKnownFileType = sourcecode.c.objc; path = MusicModel.m; sourceTree = "<group>"; };
		49CCA4F91CA78C1100C70D63 /* DownLoad.h */ = {isa = PBXFileReference; fileEncoding = 4; lastKnownFileType = sourcecode.c.h; path = DownLoad.h; sourceTree = "<group>"; };
		49CCA4FA1CA78C1100C70D63 /* DownLoad.m */ = {isa = PBXFileReference; fileEncoding = 4; lastKnownFileType = sourcecode.c.objc; path = DownLoad.m; sourceTree = "<group>"; };
		49CCA4FC1CA78C9A00C70D63 /* DownViewController.h */ = {isa = PBXFileReference; fileEncoding = 4; lastKnownFileType = sourcecode.c.h; path = DownViewController.h; sourceTree = "<group>"; };
		49CCA4FD1CA78C9A00C70D63 /* DownViewController.m */ = {isa = PBXFileReference; fileEncoding = 4; lastKnownFileType = sourcecode.c.objc; path = DownViewController.m; sourceTree = "<group>"; };
		49CCA4FF1CA78FD500C70D63 /* DownLoadViewController.h */ = {isa = PBXFileReference; fileEncoding = 4; lastKnownFileType = sourcecode.c.h; path = DownLoadViewController.h; sourceTree = "<group>"; };
		49CCA5001CA78FD500C70D63 /* DownLoadViewController.m */ = {isa = PBXFileReference; fileEncoding = 4; lastKnownFileType = sourcecode.c.objc; path = DownLoadViewController.m; sourceTree = "<group>"; };
		9E335FA1F44A6846ECC87483 /* libPods-工具.a */ = {isa = PBXFileReference; explicitFileType = archive.ar; includeInIndex = 0; path = "libPods-工具.a"; sourceTree = BUILT_PRODUCTS_DIR; };
		B9076BA4BE17AEFFA469208D /* Pods-工具.release.xcconfig */ = {isa = PBXFileReference; includeInIndex = 1; lastKnownFileType = text.xcconfig; name = "Pods-工具.release.xcconfig"; path = "Pods/Target Support Files/Pods-工具/Pods-工具.release.xcconfig"; sourceTree = "<group>"; };
		C4485D861CABAEB300AF9437 /* LiandongViewController.h */ = {isa = PBXFileReference; fileEncoding = 4; lastKnownFileType = sourcecode.c.h; name = LiandongViewController.h; path = ../../../LiandongViewController.h; sourceTree = "<group>"; };
		C4485D871CABAEB300AF9437 /* LiandongViewController.m */ = {isa = PBXFileReference; fileEncoding = 4; lastKnownFileType = sourcecode.c.objc; name = LiandongViewController.m; path = ../../../LiandongViewController.m; sourceTree = "<group>"; };
		C4485D8B1CABAF2500AF9437 /* TopScView.h */ = {isa = PBXFileReference; fileEncoding = 4; lastKnownFileType = sourcecode.c.h; path = TopScView.h; sourceTree = "<group>"; };
		C4485D8C1CABAF2500AF9437 /* TopScView.m */ = {isa = PBXFileReference; fileEncoding = 4; lastKnownFileType = sourcecode.c.objc; path = TopScView.m; sourceTree = "<group>"; };
		C4485D8F1CABC51400AF9437 /* XianchenViewController.h */ = {isa = PBXFileReference; fileEncoding = 4; lastKnownFileType = sourcecode.c.h; path = XianchenViewController.h; sourceTree = "<group>"; };
		C4485D901CABC51400AF9437 /* XianchenViewController.m */ = {isa = PBXFileReference; fileEncoding = 4; lastKnownFileType = sourcecode.c.objc; path = XianchenViewController.m; sourceTree = "<group>"; };
		C4485D991CABF60B00AF9437 /* PickViewController.h */ = {isa = PBXFileReference; fileEncoding = 4; lastKnownFileType = sourcecode.c.h; path = PickViewController.h; sourceTree = "<group>"; };
		C4485D9A1CABF60B00AF9437 /* PickViewController.m */ = {isa = PBXFileReference; fileEncoding = 4; lastKnownFileType = sourcecode.c.objc; path = PickViewController.m; sourceTree = "<group>"; };
		C4485DA31CABFA4A00AF9437 /* ZYQAssetPicker.Bundle */ = {isa = PBXFileReference; lastKnownFileType = "wrapper.plug-in"; path = ZYQAssetPicker.Bundle; sourceTree = "<group>"; };
		C4485DA41CABFA4A00AF9437 /* ZYQAssetPickerController.h */ = {isa = PBXFileReference; fileEncoding = 4; lastKnownFileType = sourcecode.c.h; path = ZYQAssetPickerController.h; sourceTree = "<group>"; };
		C4485DA51CABFA4A00AF9437 /* ZYQAssetPickerController.m */ = {isa = PBXFileReference; fileEncoding = 4; lastKnownFileType = sourcecode.c.objc; path = ZYQAssetPickerController.m; sourceTree = "<group>"; };
		C4485DAB1CAC212B00AF9437 /* AssetsLibrary.framework */ = {isa = PBXFileReference; lastKnownFileType = wrapper.framework; name = AssetsLibrary.framework; path = System/Library/Frameworks/AssetsLibrary.framework; sourceTree = SDKROOT; };
		C4EE45CC1CA7B94F00C53676 /* DoneViewController.h */ = {isa = PBXFileReference; fileEncoding = 4; lastKnownFileType = sourcecode.c.h; path = DoneViewController.h; sourceTree = "<group>"; };
		C4EE45CD1CA7B94F00C53676 /* DoneViewController.m */ = {isa = PBXFileReference; fileEncoding = 4; lastKnownFileType = sourcecode.c.objc; path = DoneViewController.m; sourceTree = "<group>"; };
		DF32C90FEAC30658704ECC5E /* Pods-工具.debug.xcconfig */ = {isa = PBXFileReference; includeInIndex = 1; lastKnownFileType = text.xcconfig; name = "Pods-工具.debug.xcconfig"; path = "Pods/Target Support Files/Pods-工具/Pods-工具.debug.xcconfig"; sourceTree = "<group>"; };
/* End PBXFileReference section */

/* Begin PBXFrameworksBuildPhase section */
		436F0B7B1CA4C77700B88408 /* Frameworks */ = {
			isa = PBXFrameworksBuildPhase;
			buildActionMask = 2147483647;
			files = (
				C4485DAC1CAC212B00AF9437 /* AssetsLibrary.framework in Frameworks */,
				8EFE4B0E97DD062A8FCD9064 /* libPods-工具.a in Frameworks */,
			);
			runOnlyForDeploymentPostprocessing = 0;
		};
		436F0B941CA4C77700B88408 /* Frameworks */ = {
			isa = PBXFrameworksBuildPhase;
			buildActionMask = 2147483647;
			files = (
			);
			runOnlyForDeploymentPostprocessing = 0;
		};
		436F0B9F1CA4C77700B88408 /* Frameworks */ = {
			isa = PBXFrameworksBuildPhase;
			buildActionMask = 2147483647;
			files = (
			);
			runOnlyForDeploymentPostprocessing = 0;
		};
/* End PBXFrameworksBuildPhase section */

/* Begin PBXGroup section */
		218FBDDBCC2AF388D244ED59 /* Frameworks */ = {
			isa = PBXGroup;
			children = (
				C4485DAB1CAC212B00AF9437 /* AssetsLibrary.framework */,
				9E335FA1F44A6846ECC87483 /* libPods-工具.a */,
			);
			name = Frameworks;
			sourceTree = "<group>";
		};
		430879FE1CA92D940028C2AD /* 照相机+滤镜 */ = {
			isa = PBXGroup;
			children = (
				43087A041CA95A100028C2AD /* 滤镜实现 */,
				430879FF1CA92FA60028C2AD /* LvJjingVC.h */,
				43087A001CA92FA60028C2AD /* LvJjingVC.m */,
			);
			path = "照相机+滤镜";
			sourceTree = "<group>";
		};
		43087A041CA95A100028C2AD /* 滤镜实现 */ = {
			isa = PBXGroup;
			children = (
				43087A051CA95A2E0028C2AD /* LvJingViewController.h */,
				43087A061CA95A2E0028C2AD /* LvJingViewController.m */,
			);
			path = "滤镜实现";
			sourceTree = "<group>";
		};
		43087A081CAB5AB00028C2AD /* 定位 */ = {
			isa = PBXGroup;
			children = (
				43087A091CAB5B090028C2AD /* DingweiVC.h */,
				43087A0A1CAB5B090028C2AD /* DingweiVC.m */,
			);
			path = "定位";
			sourceTree = "<group>";
		};
		436F0B751CA4C77700B88408 = {
			isa = PBXGroup;
			children = (
				436F0B801CA4C77700B88408 /* 工具 */,
				436F0B9A1CA4C77700B88408 /* 工具Tests */,
				436F0BA51CA4C77700B88408 /* 工具UITests */,
				436F0B7F1CA4C77700B88408 /* Products */,
				8E7FC8B6A278F999326C5C99 /* Pods */,
				218FBDDBCC2AF388D244ED59 /* Frameworks */,
			);
			sourceTree = "<group>";
		};
		436F0B7F1CA4C77700B88408 /* Products */ = {
			isa = PBXGroup;
			children = (
				436F0B7E1CA4C77700B88408 /* 工具.app */,
				436F0B971CA4C77700B88408 /* 工具Tests.xctest */,
				436F0BA21CA4C77700B88408 /* 工具UITests.xctest */,
			);
			name = Products;
			sourceTree = "<group>";
		};
		436F0B801CA4C77700B88408 /* 工具 */ = {
			isa = PBXGroup;
			children = (
				C4485D921CABF57D00AF9437 /* 图片选择器 */,
				43087A081CAB5AB00028C2AD /* 定位 */,
				C4485D891CABAF2500AF9437 /* 联动效果 */,
				C4485D8E1CABC4E800AF9437 /* 多线程 */,
				430879FE1CA92D940028C2AD /* 照相机+滤镜 */,
				43FA29621CA52CEA00DA2093 /* 轮播图 */,
				43FA295B1CA527A300DA2093 /* 小菊花的二次封装 */,
				49CCA4F81CA78C1100C70D63 /* 下载 */,
				43FA29571CA4EFBE00DA2093 /* 网络判断 */,
				43FA29531CA4EEA900DA2093 /* 视频播放器 */,
				436F0BE01CA4E48800B88408 /* 音乐播放器 */,
				436F0BDC1CA4E2CB00B88408 /* 提示框封装 */,
				436F0BB41CA4CA5E00B88408 /* 时间戳转换 */,
				436F0BB71CA4CA5F00B88408 /* 网络解析,带本地缓存 */,
				436F0BBA1CA4CA5F00B88408 /* 自适应高度 */,
				436F0BBD1CA4CA5F00B88408 /* CollectionLayout瀑布流 */,
				436F0B841CA4C77700B88408 /* AppDelegate.h */,
				436F0B851CA4C77700B88408 /* AppDelegate.m */,
				436F0B871CA4C77700B88408 /* ViewController.h */,
				436F0B881CA4C77700B88408 /* ViewController.m */,
				43FA295F1CA52B2000DA2093 /* 需要的笔记.h */,
				436F0B8A1CA4C77700B88408 /* Main.storyboard */,
				436F0B8D1CA4C77700B88408 /* Assets.xcassets */,
				436F0B8F1CA4C77700B88408 /* LaunchScreen.storyboard */,
				436F0B921CA4C77700B88408 /* Info.plist */,
				436F0B811CA4C77700B88408 /* Supporting Files */,
				436F0BD11CA4DD6B00B88408 /* Header.h */,
			);
			path = "工具";
			sourceTree = "<group>";
		};
		436F0B811CA4C77700B88408 /* Supporting Files */ = {
			isa = PBXGroup;
			children = (
				43FA29701CA538D000DA2093 /* 图片包 */,
				436F0B821CA4C77700B88408 /* main.m */,
			);
			name = "Supporting Files";
			sourceTree = "<group>";
		};
		436F0B9A1CA4C77700B88408 /* 工具Tests */ = {
			isa = PBXGroup;
			children = (
				436F0B9B1CA4C77700B88408 /* __Tests.m */,
				436F0B9D1CA4C77700B88408 /* Info.plist */,
			);
			path = "工具Tests";
			sourceTree = "<group>";
		};
		436F0BA51CA4C77700B88408 /* 工具UITests */ = {
			isa = PBXGroup;
			children = (
				436F0BA61CA4C77700B88408 /* __UITests.m */,
				436F0BA81CA4C77700B88408 /* Info.plist */,
			);
			path = "工具UITests";
			sourceTree = "<group>";
		};
		436F0BB41CA4CA5E00B88408 /* 时间戳转换 */ = {
			isa = PBXGroup;
			children = (
				436F0BB51CA4CA5E00B88408 /* Shijiancuo.h */,
				436F0BB61CA4CA5F00B88408 /* Shijiancuo.m */,
			);
			path = "时间戳转换";
			sourceTree = "<group>";
		};
		436F0BB71CA4CA5F00B88408 /* 网络解析,带本地缓存 */ = {
			isa = PBXGroup;
			children = (
				436F0BB81CA4CA5F00B88408 /* AFN.h */,
				436F0BB91CA4CA5F00B88408 /* AFN.m */,
			);
			path = "网络解析,带本地缓存";
			sourceTree = "<group>";
		};
		436F0BBA1CA4CA5F00B88408 /* 自适应高度 */ = {
			isa = PBXGroup;
			children = (
				436F0BD21CA4DDD200B88408 /* 高度 */,
				436F0BBB1CA4CA5F00B88408 /* ZIshiyinggaodu.h */,
				436F0BBC1CA4CA5F00B88408 /* ZIshiyinggaodu.m */,
			);
			path = "自适应高度";
			sourceTree = "<group>";
		};
		436F0BBD1CA4CA5F00B88408 /* CollectionLayout瀑布流 */ = {
			isa = PBXGroup;
			children = (
				436F0BC41CA4CE4600B88408 /* 实现 */,
				436F0BBE1CA4CA5F00B88408 /* AotuLayout.h */,
				436F0BBF1CA4CA5F00B88408 /* AotuLayout.m */,
			);
			path = "CollectionLayout瀑布流";
			sourceTree = "<group>";
		};
		436F0BC41CA4CE4600B88408 /* 实现 */ = {
			isa = PBXGroup;
			children = (
				436F0BC51CA4CE8D00B88408 /* PubuViewController.h */,
				436F0BC61CA4CE8D00B88408 /* PubuViewController.m */,
				436F0BCB1CA4D08B00B88408 /* PubuCell.h */,
				436F0BCC1CA4D08B00B88408 /* PubuCell.m */,
				436F0BCE1CA4D10800B88408 /* PubuModel.h */,
				436F0BCF1CA4D10800B88408 /* PubuModel.m */,
			);
			path = "实现";
			sourceTree = "<group>";
		};
		436F0BD21CA4DDD200B88408 /* 高度 */ = {
			isa = PBXGroup;
			children = (
				436F0BD91CA4DEC900B88408 /* GaoViewController.h */,
				436F0BDA1CA4DEC900B88408 /* GaoViewController.m */,
			);
			path = "高度";
			sourceTree = "<group>";
		};
		436F0BDC1CA4E2CB00B88408 /* 提示框封装 */ = {
			isa = PBXGroup;
			children = (
				436F0BDD1CA4E3EF00B88408 /* AlertAndActionTool.h */,
				436F0BDE1CA4E3EF00B88408 /* AlertAndActionTool.m */,
			);
			path = "提示框封装";
			sourceTree = "<group>";
		};
		436F0BE01CA4E48800B88408 /* 音乐播放器 */ = {
			isa = PBXGroup;
			children = (
				49CCA4EE1CA62A7000C70D63 /* PlayerViewController.h */,
				49CCA4EF1CA62A7000C70D63 /* PlayerViewController.m */,
				436F0BE11CA4E49B00B88408 /* PlayerManager.h */,
				436F0BE21CA4E49B00B88408 /* PlayerManager.m */,
				49CCA4F11CA630BB00C70D63 /* MusicInfoList.plist */,
				49CCA4F21CA630BB00C70D63 /* MusicModel.h */,
				49CCA4F31CA630BB00C70D63 /* MusicModel.m */,
			);
			path = "音乐播放器";
			sourceTree = "<group>";
		};
		43FA29531CA4EEA900DA2093 /* 视频播放器 */ = {
			isa = PBXGroup;
			children = (
				43FA29691CA52F7300DA2093 /* 视频 */,
				43FA29541CA4EEB000DA2093 /* MovieViewController.h */,
				43FA29551CA4EEB000DA2093 /* MovieViewController.m */,
			);
			path = "视频播放器";
			sourceTree = "<group>";
		};
		43FA29571CA4EFBE00DA2093 /* 网络判断 */ = {
			isa = PBXGroup;
			children = (
				43FA29581CA5260000DA2093 /* UIViewController+NetJudge.h */,
				43FA29591CA5260000DA2093 /* UIViewController+NetJudge.m */,
			);
			path = "网络判断";
			sourceTree = "<group>";
		};
		43FA295B1CA527A300DA2093 /* 小菊花的二次封装 */ = {
			isa = PBXGroup;
			children = (
				43FA295C1CA527C200DA2093 /* MBProgressHUDManager.h */,
				43FA295D1CA527C200DA2093 /* MBProgressHUDManager.m */,
			);
			path = "小菊花的二次封装";
			sourceTree = "<group>";
		};
		43FA29621CA52CEA00DA2093 /* 轮播图 */ = {
			isa = PBXGroup;
			children = (
				43FA29871CA53BCF00DA2093 /* LunBoTu.h */,
				43FA29881CA53BCF00DA2093 /* LunBoTu.m */,
				43FA29891CA53BCF00DA2093 /* LunBoTuCollectionViewCell.h */,
				43FA298A1CA53BCF00DA2093 /* LunBoTuCollectionViewCell.m */,
				43FA298B1CA53BCF00DA2093 /* NSTimer+Pausing.h */,
				43FA298C1CA53BCF00DA2093 /* NSTimer+Pausing.m */,
				43FA298D1CA53BCF00DA2093 /* UICollectionView+UICollectionView_InitCollection.h */,
				43FA298E1CA53BCF00DA2093 /* UICollectionView+UICollectionView_InitCollection.m */,
				43FA296D1CA5381D00DA2093 /* 实现轮播图 */,
			);
			path = "轮播图";
			sourceTree = "<group>";
		};
		43FA29691CA52F7300DA2093 /* 视频 */ = {
			isa = PBXGroup;
			children = (
			);
			path = "视频";
			sourceTree = "<group>";
		};
		43FA296D1CA5381D00DA2093 /* 实现轮播图 */ = {
			isa = PBXGroup;
			children = (
				43FA296A1CA5347900DA2093 /* LunboVCViewController.h */,
				43FA296B1CA5347900DA2093 /* LunboVCViewController.m */,
			);
			name = "实现轮播图";
			sourceTree = "<group>";
		};
		43FA29701CA538D000DA2093 /* 图片包 */ = {
			isa = PBXGroup;
			children = (
				43FA29711CA538D000DA2093 /* 1.jpg */,
				43FA29721CA538D000DA2093 /* 22.jpg */,
				43FA29731CA538D000DA2093 /* 3.jpg */,
				43FA29741CA538D000DA2093 /* 4.jpg */,
				43FA29751CA538D000DA2093 /* 5.jpg */,
				43FA29761CA538D000DA2093 /* 6.jpg */,
				43FA29771CA538D000DA2093 /* 7.jpg */,
				43FA29781CA538D100DA2093 /* 8.jpg */,
				43FA29791CA538D100DA2093 /* 9.jpeg */,
				43FA297A1CA538D100DA2093 /* 9999.jpg */,
			);
			path = "图片包";
			sourceTree = "<group>";
		};
		49CCA4F81CA78C1100C70D63 /* 下载 */ = {
			isa = PBXGroup;
			children = (
				49CCA4FC1CA78C9A00C70D63 /* DownViewController.h */,
				49CCA4FD1CA78C9A00C70D63 /* DownViewController.m */,
				49CCA4FF1CA78FD500C70D63 /* DownLoadViewController.h */,
				49CCA5001CA78FD500C70D63 /* DownLoadViewController.m */,
				C4EE45CC1CA7B94F00C53676 /* DoneViewController.h */,
				C4EE45CD1CA7B94F00C53676 /* DoneViewController.m */,
				49CCA4F91CA78C1100C70D63 /* DownLoad.h */,
				49CCA4FA1CA78C1100C70D63 /* DownLoad.m */,
			);
			name = "下载";
			path = "网络判断/下载";
			sourceTree = "<group>";
		};
		8E7FC8B6A278F999326C5C99 /* Pods */ = {
			isa = PBXGroup;
			children = (
				DF32C90FEAC30658704ECC5E /* Pods-工具.debug.xcconfig */,
				B9076BA4BE17AEFFA469208D /* Pods-工具.release.xcconfig */,
			);
			name = Pods;
			sourceTree = "<group>";
		};
		C4485D891CABAF2500AF9437 /* 联动效果 */ = {
			isa = PBXGroup;
			children = (
				C4485D8A1CABAF2500AF9437 /* TopScView */,
			);
			name = "联动效果";
			path = "照相机+滤镜/联动效果";
			sourceTree = "<group>";
		};
		C4485D8A1CABAF2500AF9437 /* TopScView */ = {
			isa = PBXGroup;
			children = (
				C4485D8B1CABAF2500AF9437 /* TopScView.h */,
				C4485D8C1CABAF2500AF9437 /* TopScView.m */,
				C4485D861CABAEB300AF9437 /* LiandongViewController.h */,
				C4485D871CABAEB300AF9437 /* LiandongViewController.m */,
			);
			path = TopScView;
			sourceTree = "<group>";
		};
		C4485D8E1CABC4E800AF9437 /* 多线程 */ = {
			isa = PBXGroup;
			children = (
				C4485D8F1CABC51400AF9437 /* XianchenViewController.h */,
				C4485D901CABC51400AF9437 /* XianchenViewController.m */,
			);
			path = "多线程";
			sourceTree = "<group>";
		};
		C4485D921CABF57D00AF9437 /* 图片选择器 */ = {
			isa = PBXGroup;
			children = (
				C4485D991CABF60B00AF9437 /* PickViewController.h */,
				C4485D9A1CABF60B00AF9437 /* PickViewController.m */,
				C4485DA21CABFA4A00AF9437 /* ZYQAssetPickerController */,
			);
			name = "图片选择器";
			path = "定位/图片选择器";
			sourceTree = "<group>";
		};
		C4485DA21CABFA4A00AF9437 /* ZYQAssetPickerController */ = {
			isa = PBXGroup;
			children = (
				C4485DA31CABFA4A00AF9437 /* ZYQAssetPicker.Bundle */,
				C4485DA41CABFA4A00AF9437 /* ZYQAssetPickerController.h */,
				C4485DA51CABFA4A00AF9437 /* ZYQAssetPickerController.m */,
			);
			path = ZYQAssetPickerController;
			sourceTree = "<group>";
		};
/* End PBXGroup section */

/* Begin PBXNativeTarget section */
		436F0B7D1CA4C77700B88408 /* 工具 */ = {
			isa = PBXNativeTarget;
			buildConfigurationList = 436F0BAB1CA4C77700B88408 /* Build configuration list for PBXNativeTarget "工具" */;
			buildPhases = (
				C7ECC70BAC985C35C19343FA /* Check Pods Manifest.lock */,
				436F0B7A1CA4C77700B88408 /* Sources */,
				436F0B7B1CA4C77700B88408 /* Frameworks */,
				436F0B7C1CA4C77700B88408 /* Resources */,
				AD5AA3173C56224B0B7C8BDC /* Embed Pods Frameworks */,
				0B9A90748232B0F5E163D680 /* Copy Pods Resources */,
			);
			buildRules = (
			);
			dependencies = (
			);
			name = "工具";
			productName = "工具";
			productReference = 436F0B7E1CA4C77700B88408 /* 工具.app */;
			productType = "com.apple.product-type.application";
		};
		436F0B961CA4C77700B88408 /* 工具Tests */ = {
			isa = PBXNativeTarget;
			buildConfigurationList = 436F0BAE1CA4C77700B88408 /* Build configuration list for PBXNativeTarget "工具Tests" */;
			buildPhases = (
				436F0B931CA4C77700B88408 /* Sources */,
				436F0B941CA4C77700B88408 /* Frameworks */,
				436F0B951CA4C77700B88408 /* Resources */,
			);
			buildRules = (
			);
			dependencies = (
				436F0B991CA4C77700B88408 /* PBXTargetDependency */,
			);
			name = "工具Tests";
			productName = "工具Tests";
			productReference = 436F0B971CA4C77700B88408 /* 工具Tests.xctest */;
			productType = "com.apple.product-type.bundle.unit-test";
		};
		436F0BA11CA4C77700B88408 /* 工具UITests */ = {
			isa = PBXNativeTarget;
			buildConfigurationList = 436F0BB11CA4C77700B88408 /* Build configuration list for PBXNativeTarget "工具UITests" */;
			buildPhases = (
				436F0B9E1CA4C77700B88408 /* Sources */,
				436F0B9F1CA4C77700B88408 /* Frameworks */,
				436F0BA01CA4C77700B88408 /* Resources */,
			);
			buildRules = (
			);
			dependencies = (
				436F0BA41CA4C77700B88408 /* PBXTargetDependency */,
			);
			name = "工具UITests";
			productName = "工具UITests";
			productReference = 436F0BA21CA4C77700B88408 /* 工具UITests.xctest */;
			productType = "com.apple.product-type.bundle.ui-testing";
		};
/* End PBXNativeTarget section */

/* Begin PBXProject section */
		436F0B761CA4C77700B88408 /* Project object */ = {
			isa = PBXProject;
			attributes = {
				LastUpgradeCheck = 0720;
				ORGANIZATIONNAME = "张中烨";
				TargetAttributes = {
					436F0B7D1CA4C77700B88408 = {
						CreatedOnToolsVersion = 7.2;
						DevelopmentTeam = UHVNVL6K2K;
					};
					436F0B961CA4C77700B88408 = {
						CreatedOnToolsVersion = 7.2;
						TestTargetID = 436F0B7D1CA4C77700B88408;
					};
					436F0BA11CA4C77700B88408 = {
						CreatedOnToolsVersion = 7.2;
						TestTargetID = 436F0B7D1CA4C77700B88408;
					};
				};
			};
			buildConfigurationList = 436F0B791CA4C77700B88408 /* Build configuration list for PBXProject "工具" */;
			compatibilityVersion = "Xcode 3.2";
			developmentRegion = English;
			hasScannedForEncodings = 0;
			knownRegions = (
				en,
				Base,
			);
			mainGroup = 436F0B751CA4C77700B88408;
			productRefGroup = 436F0B7F1CA4C77700B88408 /* Products */;
			projectDirPath = "";
			projectRoot = "";
			targets = (
				436F0B7D1CA4C77700B88408 /* 工具 */,
				436F0B961CA4C77700B88408 /* 工具Tests */,
				436F0BA11CA4C77700B88408 /* 工具UITests */,
			);
		};
/* End PBXProject section */

/* Begin PBXResourcesBuildPhase section */
		436F0B7C1CA4C77700B88408 /* Resources */ = {
			isa = PBXResourcesBuildPhase;
			buildActionMask = 2147483647;
			files = (
				43FA29821CA538D100DA2093 /* 8.jpg in Resources */,
				43FA29841CA538D100DA2093 /* 9999.jpg in Resources */,
				43FA29801CA538D100DA2093 /* 6.jpg in Resources */,
				43FA297C1CA538D100DA2093 /* 22.jpg in Resources */,
				49CCA4F41CA630BB00C70D63 /* MusicInfoList.plist in Resources */,
				43FA29831CA538D100DA2093 /* 9.jpeg in Resources */,
				43FA297F1CA538D100DA2093 /* 5.jpg in Resources */,
				43FA297E1CA538D100DA2093 /* 4.jpg in Resources */,
				436F0B911CA4C77700B88408 /* LaunchScreen.storyboard in Resources */,
				43FA297B1CA538D100DA2093 /* 1.jpg in Resources */,
				43FA297D1CA538D100DA2093 /* 3.jpg in Resources */,
				C4485DA61CABFA4A00AF9437 /* ZYQAssetPicker.Bundle in Resources */,
				43FA29811CA538D100DA2093 /* 7.jpg in Resources */,
				436F0B8E1CA4C77700B88408 /* Assets.xcassets in Resources */,
				436F0B8C1CA4C77700B88408 /* Main.storyboard in Resources */,
			);
			runOnlyForDeploymentPostprocessing = 0;
		};
		436F0B951CA4C77700B88408 /* Resources */ = {
			isa = PBXResourcesBuildPhase;
			buildActionMask = 2147483647;
			files = (
			);
			runOnlyForDeploymentPostprocessing = 0;
		};
		436F0BA01CA4C77700B88408 /* Resources */ = {
			isa = PBXResourcesBuildPhase;
			buildActionMask = 2147483647;
			files = (
			);
			runOnlyForDeploymentPostprocessing = 0;
		};
/* End PBXResourcesBuildPhase section */

/* Begin PBXShellScriptBuildPhase section */
		0B9A90748232B0F5E163D680 /* Copy Pods Resources */ = {
			isa = PBXShellScriptBuildPhase;
			buildActionMask = 2147483647;
			files = (
			);
			inputPaths = (
			);
			name = "Copy Pods Resources";
			outputPaths = (
			);
			runOnlyForDeploymentPostprocessing = 0;
			shellPath = /bin/sh;
			shellScript = "\"${SRCROOT}/Pods/Target Support Files/Pods-工具/Pods-工具-resources.sh\"\n";
			showEnvVarsInLog = 0;
		};
		AD5AA3173C56224B0B7C8BDC /* Embed Pods Frameworks */ = {
			isa = PBXShellScriptBuildPhase;
			buildActionMask = 2147483647;
			files = (
			);
			inputPaths = (
			);
			name = "Embed Pods Frameworks";
			outputPaths = (
			);
			runOnlyForDeploymentPostprocessing = 0;
			shellPath = /bin/sh;
			shellScript = "\"${SRCROOT}/Pods/Target Support Files/Pods-工具/Pods-工具-frameworks.sh\"\n";
			showEnvVarsInLog = 0;
		};
		C7ECC70BAC985C35C19343FA /* Check Pods Manifest.lock */ = {
			isa = PBXShellScriptBuildPhase;
			buildActionMask = 2147483647;
			files = (
			);
			inputPaths = (
			);
			name = "Check Pods Manifest.lock";
			outputPaths = (
			);
			runOnlyForDeploymentPostprocessing = 0;
			shellPath = /bin/sh;
			shellScript = "diff \"${PODS_ROOT}/../Podfile.lock\" \"${PODS_ROOT}/Manifest.lock\" > /dev/null\nif [[ $? != 0 ]] ; then\n    cat << EOM\nerror: The sandbox is not in sync with the Podfile.lock. Run 'pod install' or update your CocoaPods installation.\nEOM\n    exit 1\nfi\n";
			showEnvVarsInLog = 0;
		};
/* End PBXShellScriptBuildPhase section */

/* Begin PBXSourcesBuildPhase section */
		436F0B7A1CA4C77700B88408 /* Sources */ = {
			isa = PBXSourcesBuildPhase;
			buildActionMask = 2147483647;
			files = (
				43FA29911CA53BCF00DA2093 /* NSTimer+Pausing.m in Sources */,
				49CCA4F51CA630BB00C70D63 /* MusicModel.m in Sources */,
				436F0BC01CA4CA5F00B88408 /* Shijiancuo.m in Sources */,
				43FA295E1CA527C200DA2093 /* MBProgressHUDManager.m in Sources */,
				436F0BCD1CA4D08B00B88408 /* PubuCell.m in Sources */,
				43FA29921CA53BCF00DA2093 /* UICollectionView+UICollectionView_InitCollection.m in Sources */,
				436F0BC21CA4CA5F00B88408 /* ZIshiyinggaodu.m in Sources */,
				C4485DA71CABFA4A00AF9437 /* ZYQAssetPickerController.m in Sources */,
				43087A011CA92FA60028C2AD /* LvJjingVC.m in Sources */,
				43FA29901CA53BCF00DA2093 /* LunBoTuCollectionViewCell.m in Sources */,
				43FA29561CA4EEB000DA2093 /* MovieViewController.m in Sources */,
				C4485D8D1CABAF2500AF9437 /* TopScView.m in Sources */,
				43087A0B1CAB5B090028C2AD /* DingweiVC.m in Sources */,
				C4485D9B1CABF60B00AF9437 /* PickViewController.m in Sources */,
				C4EE45CE1CA7B94F00C53676 /* DoneViewController.m in Sources */,
				43FA295A1CA5260000DA2093 /* UIViewController+NetJudge.m in Sources */,
				49CCA4F01CA62A7000C70D63 /* PlayerViewController.m in Sources */,
				436F0BC71CA4CE8D00B88408 /* PubuViewController.m in Sources */,
				436F0B891CA4C77700B88408 /* ViewController.m in Sources */,
				C4485D911CABC51400AF9437 /* XianchenViewController.m in Sources */,
				49CCA4FB1CA78C1100C70D63 /* DownLoad.m in Sources */,
				49CCA5011CA78FD500C70D63 /* DownLoadViewController.m in Sources */,
				436F0B861CA4C77700B88408 /* AppDelegate.m in Sources */,
				49CCA4FE1CA78C9A00C70D63 /* DownViewController.m in Sources */,
				436F0BDF1CA4E3EF00B88408 /* AlertAndActionTool.m in Sources */,
				43087A071CA95A2E0028C2AD /* LvJingViewController.m in Sources */,
				436F0BE31CA4E49B00B88408 /* PlayerManager.m in Sources */,
				43FA298F1CA53BCF00DA2093 /* LunBoTu.m in Sources */,
				43FA296C1CA5347900DA2093 /* LunboVCViewController.m in Sources */,
				436F0B831CA4C77700B88408 /* main.m in Sources */,
				436F0BC11CA4CA5F00B88408 /* AFN.m in Sources */,
				436F0BC31CA4CA5F00B88408 /* AotuLayout.m in Sources */,
				436F0BD01CA4D10800B88408 /* PubuModel.m in Sources */,
				436F0BDB1CA4DEC900B88408 /* GaoViewController.m in Sources */,
				C4485D881CABAEB300AF9437 /* LiandongViewController.m in Sources */,
			);
			runOnlyForDeploymentPostprocessing = 0;
		};
		436F0B931CA4C77700B88408 /* Sources */ = {
			isa = PBXSourcesBuildPhase;
			buildActionMask = 2147483647;
			files = (
				436F0B9C1CA4C77700B88408 /* __Tests.m in Sources */,
			);
			runOnlyForDeploymentPostprocessing = 0;
		};
		436F0B9E1CA4C77700B88408 /* Sources */ = {
			isa = PBXSourcesBuildPhase;
			buildActionMask = 2147483647;
			files = (
				436F0BA71CA4C77700B88408 /* __UITests.m in Sources */,
			);
			runOnlyForDeploymentPostprocessing = 0;
		};
/* End PBXSourcesBuildPhase section */

/* Begin PBXTargetDependency section */
		436F0B991CA4C77700B88408 /* PBXTargetDependency */ = {
			isa = PBXTargetDependency;
			target = 436F0B7D1CA4C77700B88408 /* 工具 */;
			targetProxy = 436F0B981CA4C77700B88408 /* PBXContainerItemProxy */;
		};
		436F0BA41CA4C77700B88408 /* PBXTargetDependency */ = {
			isa = PBXTargetDependency;
			target = 436F0B7D1CA4C77700B88408 /* 工具 */;
			targetProxy = 436F0BA31CA4C77700B88408 /* PBXContainerItemProxy */;
		};
/* End PBXTargetDependency section */

/* Begin PBXVariantGroup section */
		436F0B8A1CA4C77700B88408 /* Main.storyboard */ = {
			isa = PBXVariantGroup;
			children = (
				436F0B8B1CA4C77700B88408 /* Base */,
			);
			name = Main.storyboard;
			sourceTree = "<group>";
		};
		436F0B8F1CA4C77700B88408 /* LaunchScreen.storyboard */ = {
			isa = PBXVariantGroup;
			children = (
				436F0B901CA4C77700B88408 /* Base */,
			);
			name = LaunchScreen.storyboard;
			sourceTree = "<group>";
		};
/* End PBXVariantGroup section */

/* Begin XCBuildConfiguration section */
		436F0BA91CA4C77700B88408 /* Debug */ = {
			isa = XCBuildConfiguration;
			buildSettings = {
				ALWAYS_SEARCH_USER_PATHS = NO;
				CLANG_CXX_LANGUAGE_STANDARD = "gnu++0x";
				CLANG_CXX_LIBRARY = "libc++";
				CLANG_ENABLE_MODULES = YES;
				CLANG_ENABLE_OBJC_ARC = YES;
				CLANG_WARN_BOOL_CONVERSION = YES;
				CLANG_WARN_CONSTANT_CONVERSION = YES;
				CLANG_WARN_DIRECT_OBJC_ISA_USAGE = YES_ERROR;
				CLANG_WARN_EMPTY_BODY = YES;
				CLANG_WARN_ENUM_CONVERSION = YES;
				CLANG_WARN_INT_CONVERSION = YES;
				CLANG_WARN_OBJC_ROOT_CLASS = YES_ERROR;
				CLANG_WARN_UNREACHABLE_CODE = YES;
				CLANG_WARN__DUPLICATE_METHOD_MATCH = YES;
				"CODE_SIGN_IDENTITY[sdk=iphoneos*]" = "iPhone Developer";
				COPY_PHASE_STRIP = NO;
				DEBUG_INFORMATION_FORMAT = dwarf;
				ENABLE_STRICT_OBJC_MSGSEND = YES;
				ENABLE_TESTABILITY = YES;
				GCC_C_LANGUAGE_STANDARD = gnu99;
				GCC_DYNAMIC_NO_PIC = NO;
				GCC_NO_COMMON_BLOCKS = YES;
				GCC_OPTIMIZATION_LEVEL = 0;
				GCC_PREPROCESSOR_DEFINITIONS = (
					"DEBUG=1",
					"$(inherited)",
				);
				GCC_WARN_64_TO_32_BIT_CONVERSION = YES;
				GCC_WARN_ABOUT_RETURN_TYPE = YES_ERROR;
				GCC_WARN_UNDECLARED_SELECTOR = YES;
				GCC_WARN_UNINITIALIZED_AUTOS = YES_AGGRESSIVE;
				GCC_WARN_UNUSED_FUNCTION = YES;
				GCC_WARN_UNUSED_VARIABLE = YES;
				IPHONEOS_DEPLOYMENT_TARGET = 9.2;
				MTL_ENABLE_DEBUG_INFO = YES;
				ONLY_ACTIVE_ARCH = YES;
				SDKROOT = iphoneos;
			};
			name = Debug;
		};
		436F0BAA1CA4C77700B88408 /* Release */ = {
			isa = XCBuildConfiguration;
			buildSettings = {
				ALWAYS_SEARCH_USER_PATHS = NO;
				CLANG_CXX_LANGUAGE_STANDARD = "gnu++0x";
				CLANG_CXX_LIBRARY = "libc++";
				CLANG_ENABLE_MODULES = YES;
				CLANG_ENABLE_OBJC_ARC = YES;
				CLANG_WARN_BOOL_CONVERSION = YES;
				CLANG_WARN_CONSTANT_CONVERSION = YES;
				CLANG_WARN_DIRECT_OBJC_ISA_USAGE = YES_ERROR;
				CLANG_WARN_EMPTY_BODY = YES;
				CLANG_WARN_ENUM_CONVERSION = YES;
				CLANG_WARN_INT_CONVERSION = YES;
				CLANG_WARN_OBJC_ROOT_CLASS = YES_ERROR;
				CLANG_WARN_UNREACHABLE_CODE = YES;
				CLANG_WARN__DUPLICATE_METHOD_MATCH = YES;
				"CODE_SIGN_IDENTITY[sdk=iphoneos*]" = "iPhone Developer";
				COPY_PHASE_STRIP = NO;
				DEBUG_INFORMATION_FORMAT = "dwarf-with-dsym";
				ENABLE_NS_ASSERTIONS = NO;
				ENABLE_STRICT_OBJC_MSGSEND = YES;
				GCC_C_LANGUAGE_STANDARD = gnu99;
				GCC_NO_COMMON_BLOCKS = YES;
				GCC_WARN_64_TO_32_BIT_CONVERSION = YES;
				GCC_WARN_ABOUT_RETURN_TYPE = YES_ERROR;
				GCC_WARN_UNDECLARED_SELECTOR = YES;
				GCC_WARN_UNINITIALIZED_AUTOS = YES_AGGRESSIVE;
				GCC_WARN_UNUSED_FUNCTION = YES;
				GCC_WARN_UNUSED_VARIABLE = YES;
				IPHONEOS_DEPLOYMENT_TARGET = 9.2;
				MTL_ENABLE_DEBUG_INFO = NO;
				SDKROOT = iphoneos;
				VALIDATE_PRODUCT = YES;
			};
			name = Release;
		};
		436F0BAC1CA4C77700B88408 /* Debug */ = {
			isa = XCBuildConfiguration;
			baseConfigurationReference = DF32C90FEAC30658704ECC5E /* Pods-工具.debug.xcconfig */;
			buildSettings = {
				ASSETCATALOG_COMPILER_APPICON_NAME = AppIcon;
				CODE_SIGN_IDENTITY = "iPhone Developer";
				"CODE_SIGN_IDENTITY[sdk=iphoneos*]" = "iPhone Developer";
				INFOPLIST_FILE = "工具/Info.plist";
				IPHONEOS_DEPLOYMENT_TARGET = 8.0;
				LD_RUNPATH_SEARCH_PATHS = "$(inherited) @executable_path/Frameworks";
				PRODUCT_BUNDLE_IDENTIFIER = "zzy.--";
				PRODUCT_NAME = "$(TARGET_NAME)";
				PROVISIONING_PROFILE = "";
			};
			name = Debug;
		};
		436F0BAD1CA4C77700B88408 /* Release */ = {
			isa = XCBuildConfiguration;
			baseConfigurationReference = B9076BA4BE17AEFFA469208D /* Pods-工具.release.xcconfig */;
			buildSettings = {
				ASSETCATALOG_COMPILER_APPICON_NAME = AppIcon;
				CODE_SIGN_IDENTITY = "iPhone Developer";
				"CODE_SIGN_IDENTITY[sdk=iphoneos*]" = "iPhone Developer";
				INFOPLIST_FILE = "工具/Info.plist";
				IPHONEOS_DEPLOYMENT_TARGET = 8.0;
				LD_RUNPATH_SEARCH_PATHS = "$(inherited) @executable_path/Frameworks";
				PRODUCT_BUNDLE_IDENTIFIER = "zzy.--";
				PRODUCT_NAME = "$(TARGET_NAME)";
				PROVISIONING_PROFILE = "";
			};
			name = Release;
		};
		436F0BAF1CA4C77700B88408 /* Debug */ = {
			isa = XCBuildConfiguration;
			buildSettings = {
				BUNDLE_LOADER = "$(TEST_HOST)";
				INFOPLIST_FILE = "工具Tests/Info.plist";
				LD_RUNPATH_SEARCH_PATHS = "$(inherited) @executable_path/Frameworks @loader_path/Frameworks";
				PRODUCT_BUNDLE_IDENTIFIER = "zzy.--Tests";
				PRODUCT_NAME = "$(TARGET_NAME)";
				TEST_HOST = "$(BUILT_PRODUCTS_DIR)/工具.app/工具";
			};
			name = Debug;
		};
		436F0BB01CA4C77700B88408 /* Release */ = {
			isa = XCBuildConfiguration;
			buildSettings = {
				BUNDLE_LOADER = "$(TEST_HOST)";
				INFOPLIST_FILE = "工具Tests/Info.plist";
				LD_RUNPATH_SEARCH_PATHS = "$(inherited) @executable_path/Frameworks @loader_path/Frameworks";
				PRODUCT_BUNDLE_IDENTIFIER = "zzy.--Tests";
				PRODUCT_NAME = "$(TARGET_NAME)";
				TEST_HOST = "$(BUILT_PRODUCTS_DIR)/工具.app/工具";
			};
			name = Release;
		};
		436F0BB21CA4C77700B88408 /* Debug */ = {
			isa = XCBuildConfiguration;
			buildSettings = {
				INFOPLIST_FILE = "工具UITests/Info.plist";
				LD_RUNPATH_SEARCH_PATHS = "$(inherited) @executable_path/Frameworks @loader_path/Frameworks";
				PRODUCT_BUNDLE_IDENTIFIER = "zzy.--UITests";
				PRODUCT_NAME = "$(TARGET_NAME)";
				TEST_TARGET_NAME = "工具";
				USES_XCTRUNNER = YES;
			};
			name = Debug;
		};
		436F0BB31CA4C77700B88408 /* Release */ = {
			isa = XCBuildConfiguration;
			buildSettings = {
				INFOPLIST_FILE = "工具UITests/Info.plist";
				LD_RUNPATH_SEARCH_PATHS = "$(inherited) @executable_path/Frameworks @loader_path/Frameworks";
				PRODUCT_BUNDLE_IDENTIFIER = "zzy.--UITests";
				PRODUCT_NAME = "$(TARGET_NAME)";
				TEST_TARGET_NAME = "工具";
				USES_XCTRUNNER = YES;
			};
			name = Release;
		};
/* End XCBuildConfiguration section */

/* Begin XCConfigurationList section */
		436F0B791CA4C77700B88408 /* Build configuration list for PBXProject "工具" */ = {
			isa = XCConfigurationList;
			buildConfigurations = (
				436F0BA91CA4C77700B88408 /* Debug */,
				436F0BAA1CA4C77700B88408 /* Release */,
			);
			defaultConfigurationIsVisible = 0;
			defaultConfigurationName = Release;
		};
		436F0BAB1CA4C77700B88408 /* Build configuration list for PBXNativeTarget "工具" */ = {
			isa = XCConfigurationList;
			buildConfigurations = (
				436F0BAC1CA4C77700B88408 /* Debug */,
				436F0BAD1CA4C77700B88408 /* Release */,
			);
			defaultConfigurationIsVisible = 0;
			defaultConfigurationName = Release;
		};
		436F0BAE1CA4C77700B88408 /* Build configuration list for PBXNativeTarget "工具Tests" */ = {
			isa = XCConfigurationList;
			buildConfigurations = (
				436F0BAF1CA4C77700B88408 /* Debug */,
				436F0BB01CA4C77700B88408 /* Release */,
			);
			defaultConfigurationIsVisible = 0;
			defaultConfigurationName = Release;
		};
		436F0BB11CA4C77700B88408 /* Build configuration list for PBXNativeTarget "工具UITests" */ = {
			isa = XCConfigurationList;
			buildConfigurations = (
				436F0BB21CA4C77700B88408 /* Debug */,
				436F0BB31CA4C77700B88408 /* Release */,
			);
			defaultConfigurationIsVisible = 0;
			defaultConfigurationName = Release;
		};
/* End XCConfigurationList section */
	};
	rootObject = 436F0B761CA4C77700B88408 /* Project object */;
}
